
Microsoft Visual Studio Solution File, Format Version 12.00
# Visual Studio Version 17
VisualStudioVersion = 17.0.31903.59
MinimumVisualStudioVersion = 10.0.40219.1
Project("{FAE04EC0-301F-11D3-BF4B-00C04F79EFBC}") = "MtgHelper.Core", "MtgHelper.Core\MtgHelper.Core.csproj", "{56385F7C-D940-4E0E-890C-265CE4132E29}"
EndProject
Project("{FAE04EC0-301F-11D3-BF4B-00C04F79EFBC}") = "MtgHelper.Api", "MtgHelper.Api\MtgHelper.Api.csproj", "{325725ED-54B7-4C0E-A556-698BD7F1EEE4}"
EndProject
Project("{FAE04EC0-301F-11D3-BF4B-00C04F79EFBC}") = "MtgHelper.Cli", "MtgHelper.Cli\MtgHelper.Cli.csproj", "{69F6AFA6-A229-4F91-B724-F116927C3D6F}"
EndProject
Global
	GlobalSection(SolutionConfigurationPlatforms) = preSolution
		Debug|Any CPU = Debug|Any CPU
		Release|Any CPU = Release|Any CPU
	EndGlobalSection
	GlobalSection(SolutionProperties) = preSolution
		HideSolutionNode = FALSE
	EndGlobalSection
	GlobalSection(ProjectConfigurationPlatforms) = postSolution
		{56385F7C-D940-4E0E-890C-265CE4132E29}.Debug|Any CPU.ActiveCfg = Debug|Any CPU
		{56385F7C-D940-4E0E-890C-265CE4132E29}.Debug|Any CPU.Build.0 = Debug|Any CPU
		{56385F7C-D940-4E0E-890C-265CE4132E29}.Release|Any CPU.ActiveCfg = Release|Any CPU
		{56385F7C-D940-4E0E-890C-265CE4132E29}.Release|Any CPU.Build.0 = Release|Any CPU
		{325725ED-54B7-4C0E-A556-698BD7F1EEE4}.Debug|Any CPU.ActiveCfg = Debug|Any CPU
		{325725ED-54B7-4C0E-A556-698BD7F1EEE4}.Debug|Any CPU.Build.0 = Debug|Any CPU
		{325725ED-54B7-4C0E-A556-698BD7F1EEE4}.Release|Any CPU.ActiveCfg = Release|Any CPU
		{325725ED-54B7-4C0E-A556-698BD7F1EEE4}.Release|Any CPU.Build.0 = Release|Any CPU
		{69F6AFA6-A229-4F91-B724-F116927C3D6F}.Debug|Any CPU.ActiveCfg = Debug|Any CPU
		{69F6AFA6-A229-4F91-B724-F116927C3D6F}.Debug|Any CPU.Build.0 = Debug|Any CPU
		{69F6AFA6-A229-4F91-B724-F116927C3D6F}.Release|Any CPU.ActiveCfg = Release|Any CPU
		{69F6AFA6-A229-4F91-B724-F116927C3D6F}.Release|Any CPU.Build.0 = Release|Any CPU
	EndGlobalSection
EndGlobal
